
Microsoft Visual Studio Solution File, Format Version 12.00
# Visual Studio Version 16
VisualStudioVersion = 16.0.31410.357
MinimumVisualStudioVersion = 10.0.40219.1
Project("{FAE04EC0-301F-11D3-BF4B-00C04F79EFBC}") = "MyCalc", "MyCalc.csproj", "{4A5D7871-14C3-4F38-AAC6-74B848D2063F}"
EndProject
Global
	GlobalSection(SolutionConfigurationPlatforms) = preSolution
		Debug|Any CPU = Debug|Any CPU
		Release|Any CPU = Release|Any CPU
	EndGlobalSection
	GlobalSection(ProjectConfigurationPlatforms) = postSolution
		{4A5D7871-14C3-4F38-AAC6-74B848D2063F}.Debug|Any CPU.ActiveCfg = Debug|Any CPU
		{4A5D7871-14C3-4F38-AAC6-74B848D2063F}.Debug|Any CPU.Build.0 = Debug|Any CPU
		{4A5D7871-14C3-4F38-AAC6-74B848D2063F}.Release|Any CPU.ActiveCfg = Release|Any CPU
		{4A5D7871-14C3-4F38-AAC6-74B848D2063F}.Release|Any CPU.Build.0 = Release|Any CPU
	EndGlobalSection
	GlobalSection(SolutionProperties) = preSolution
		HideSolutionNode = FALSE
	EndGlobalSection
	GlobalSection(ExtensibilityGlobals) = postSolution
		SolutionGuid = {9BDA6202-A2DD-44D7-921B-19F4A40E3815}
	EndGlobalSection
EndGlobal
